# THIS IS AN AUTOGENERATED FILE. DO NOT EDIT THIS FILE DIRECTLY.
# yarn lockfile v1


"@iota/crypto.js@^1.8.1", "@iota/crypto.js@^1.8.2":
  version "1.8.2"
  resolved "https://registry.yarnpkg.com/@iota/crypto.js/-/crypto.js-1.8.2.tgz#e56c4209edefc2538119200534ffc1faf314c63b"
  integrity sha512-NZCyPMRumJh3MP4qD3+nYLMnocc3yRo+FI9UumoN6i5m/DnKLPbba+AOEmY4nGPubNCTwK+xiP8dQF2vJNvLKA==
  dependencies:
    "@iota/util.js" "^1.8.2"
    big-integer "^1.6.51"

"@iota/iota.js@^1.8.1", "@iota/iota.js@^1.8.2":
  version "1.8.2"
  resolved "https://registry.yarnpkg.com/@iota/iota.js/-/iota.js-1.8.2.tgz#f328e5afa8161647cad53da3f0778b0e018d1d25"
  integrity sha512-747oCJGkBkuo1TM0ir+/kuoS7X+zrVMRwytfNlhVADgGD8ntPgRidT8Moe3NttakWMT6ahbUhtgcRumzEnDynw==
  dependencies:
    "@iota/crypto.js" "^1.8.2"
    "@iota/util.js" "^1.8.2"
    big-integer "^1.6.51"
    node-fetch "2.6.6"

"@iota/mam.js@^1.6.2":
  version "1.6.2"
  resolved "https://registry.yarnpkg.com/@iota/mam.js/-/mam.js-1.6.2.tgz#365f9f163efbfd719326a12ca33213316669b9c9"
  integrity sha512-WYYjSQHoCeOsCsgt5lLoW1b6R55Jn0TPV2edAvDweJGfeF7Li+PAbpY0Yt1qhpiY+9fxWY9m2uKzFvmQEZByRg==
  dependencies:
    "@iota/crypto.js" "^1.8.1"
    "@iota/iota.js" "^1.8.1"
    "@iota/util.js" "^1.8.1"
    big-integer "^1.6.49"

"@iota/util.js@^1.8.1", "@iota/util.js@^1.8.2":
  version "1.8.2"
  resolved "https://registry.yarnpkg.com/@iota/util.js/-/util.js-1.8.2.tgz#81e0f992ec10ccca3cdc64b1b5603bc45b56120c"
  integrity sha512-TaKYVqEX7DkTQeY22CSE7kZvG5einZMG41aMEZxwNrjxT1lEEumOOqOlPektow03qnIoCailWuK1R/z02CbjLQ==
  dependencies:
    big-integer "^1.6.51"

big-integer@^1.6.49, big-integer@^1.6.51:
  version "1.6.51"
  resolved "https://registry.yarnpkg.com/big-integer/-/big-integer-1.6.51.tgz#0df92a5d9880560d3ff2d5fd20245c889d130686"
  integrity sha512-GPEid2Y9QU1Exl1rpO9B2IPJGHPSupF5GnVIP0blYvNOMer2bTvSWs1jGOUg04hTmu67nmLsQ9TBo1puaotBHg==

node-fetch@2.6.6, node-fetch@^2.6.6:
  version "2.6.6"
  resolved "https://registry.yarnpkg.com/node-fetch/-/node-fetch-2.6.6.tgz#1751a7c01834e8e1697758732e9efb6eeadfaf89"
  integrity sha512-Z8/6vRlTUChSdIgMa51jxQ4lrw/Jy5SOW10ObaA47/RElsAN2c5Pn8bTgFGWn/ibwzXTE8qwr1Yzx28vsecXEA==
  dependencies:
    whatwg-url "^5.0.0"

tr46@~0.0.3:
  version "0.0.3"
  resolved "https://registry.yarnpkg.com/tr46/-/tr46-0.0.3.tgz#8184fd347dac9cdc185992f3a6622e14b9d9ab6a"
  integrity sha1-gYT9NH2snNwYWZLzpmIuFLnZq2o=

webidl-conversions@^3.0.0:
  version "3.0.1"
  resolved "https://registry.yarnpkg.com/webidl-conversions/-/webidl-conversions-3.0.1.tgz#24534275e2a7bc6be7bc86611cc16ae0a5654871"
  integrity sha1-JFNCdeKnvGvnvIZhHMFq4KVlSHE=

whatwg-url@^5.0.0:
  version "5.0.0"
  resolved "https://registry.yarnpkg.com/whatwg-url/-/whatwg-url-5.0.0.tgz#966454e8765462e37644d3626f6742ce8b70965d"
  integrity sha1-lmRU6HZUYuN2RNNib2dCzotwll0=
  dependencies:
    tr46 "~0.0.3"
    webidl-conversions "^3.0.0"
